{
    "version": 3,
    "terraform_version": "0.11.11",
    "serial": 5,
    "lineage": "19025c35-dfa3-dd76-39b6-44a1ab38522d",
    "modules": [
        {
            "path": [
                "root"
            ],
            "outputs": {
                "ec2keyName": {
                    "sensitive": false,
                    "type": "string",
                    "value": "publicKey"
                },
                "public_subnets": {
                    "sensitive": false,
                    "type": "list",
                    "value": [
                        "subnet-01456b4f63ba4d5c4"
                    ]
                },
                "vpc_id": {
                    "sensitive": false,
                    "type": "string",
                    "value": "vpc-0dae0688c4c9307fa"
                }
            },
            "resources": {
                "aws_internet_gateway.igw": {
                    "type": "aws_internet_gateway",
                    "depends_on": [
                        "aws_vpc.vpc"
                    ],
                    "primary": {
                        "id": "igw-029e0bccb2a6afe37",
                        "attributes": {
                            "id": "igw-029e0bccb2a6afe37",
                            "owner_id": "358334692739",
                            "tags.%": "1",
                            "tags.Environment": "",
                            "vpc_id": "vpc-0dae0688c4c9307fa"
                        },
                        "meta": {},
                        "tainted": false
                    },
                    "deposed": [],
                    "provider": "provider.aws"
                },
                "aws_key_pair.ec2key": {
                    "type": "aws_key_pair",
                    "depends_on": [],
                    "primary": {
                        "id": "publicKey",
                        "attributes": {
                            "fingerprint": "7d:bc:e8:cc:97:b8:05:d0:e1:da:74:21:f5:5f:77:c7",
                            "id": "publicKey",
                            "key_name": "publicKey",
                            "public_key": "ssh-rsa AAAAB3NzaC1yc2EAAAADAQABAAABAQDGERqSgc1t5KAJcZ+omONygV3lQ2kwHPrZRqEXXFS72K/mahF2IJ54rk5ixyZD2yjK3XAnY/vMYA4Hq1/4coEkJEFISxCTYeEZri6V5z2qiCOEbE2+YNTQdTqHF9eC6mIpsJgSubVCfS3LADs+vbCOn05lagMpDEar9u8Rh51h08oiZKnCtWkSGdpGo6Umcouw6YqI9s4eabwARdQkkzT7Uheal+ST3iidatI6wVUXtzD06siew5dJ24CixdguHjI0fj9peoBLQoGnDSWildBYIlzHlf7mgm/DpU2H4UWxJWnJoBYbtQdSosGw9DLW/flzJO/Eoc4Eob0eAEQvtIsb aws_terraform_ssh_key"
                        },
                        "meta": {
                            "schema_version": "1"
                        },
                        "tainted": false
                    },
                    "deposed": [],
                    "provider": "provider.aws"
                },
                "aws_route_table.rtb_public": {
                    "type": "aws_route_table",
                    "depends_on": [
                        "aws_internet_gateway.igw",
                        "aws_vpc.vpc"
                    ],
                    "primary": {
                        "id": "rtb-056f51ec58add0132",
                        "attributes": {
                            "id": "rtb-056f51ec58add0132",
                            "owner_id": "358334692739",
                            "propagating_vgws.#": "0",
                            "route.#": "1",
                            "route.2727432440.cidr_block": "0.0.0.0/0",
                            "route.2727432440.egress_only_gateway_id": "",
                            "route.2727432440.gateway_id": "igw-029e0bccb2a6afe37",
                            "route.2727432440.instance_id": "",
                            "route.2727432440.ipv6_cidr_block": "",
                            "route.2727432440.nat_gateway_id": "",
                            "route.2727432440.network_interface_id": "",
                            "route.2727432440.transit_gateway_id": "",
                            "route.2727432440.vpc_peering_connection_id": "",
                            "tags.%": "1",
                            "tags.Environment": "",
                            "vpc_id": "vpc-0dae0688c4c9307fa"
                        },
                        "meta": {},
                        "tainted": false
                    },
                    "deposed": [],
                    "provider": "provider.aws"
                },
                "aws_route_table_association.rta_subnet_public": {
                    "type": "aws_route_table_association",
                    "depends_on": [
                        "aws_route_table.rtb_public",
                        "aws_subnet.subnet_public"
                    ],
                    "primary": {
                        "id": "rtbassoc-07fad06ed22428db2",
                        "attributes": {
                            "id": "rtbassoc-07fad06ed22428db2",
                            "route_table_id": "rtb-056f51ec58add0132",
                            "subnet_id": "subnet-01456b4f63ba4d5c4"
                        },
                        "meta": {},
                        "tainted": false
                    },
                    "deposed": [],
                    "provider": "provider.aws"
                },
                "aws_subnet.subnet_public": {
                    "type": "aws_subnet",
                    "depends_on": [
                        "aws_vpc.vpc"
                    ],
                    "primary": {
                        "id": "subnet-01456b4f63ba4d5c4",
                        "attributes": {
                            "arn": "arn:aws:ec2:us-east-2:358334692739:subnet/subnet-01456b4f63ba4d5c4",
                            "assign_ipv6_address_on_creation": "false",
                            "availability_zone": "us-east-2a",
                            "availability_zone_id": "use2-az1",
                            "cidr_block": "10.1.0.0/24",
                            "id": "subnet-01456b4f63ba4d5c4",
                            "ipv6_cidr_block": "",
                            "ipv6_cidr_block_association_id": "",
                            "map_public_ip_on_launch": "true",
                            "owner_id": "358334692739",
                            "tags.%": "2",
                            "tags.Environment": "",
                            "tags.Type": "Public",
                            "vpc_id": "vpc-0dae0688c4c9307fa"
                        },
                        "meta": {
                            "e2bfb730-ecaa-11e6-8f88-34363bc7c4c0": {
                                "create": 600000000000,
                                "delete": 600000000000
                            },
                            "schema_version": "1"
                        },
                        "tainted": false
                    },
                    "deposed": [],
                    "provider": "provider.aws"
                },
                "aws_vpc.vpc": {
                    "type": "aws_vpc",
                    "depends_on": [],
                    "primary": {
                        "id": "vpc-0dae0688c4c9307fa",
                        "attributes": {
                            "arn": "arn:aws:ec2:us-east-2:358334692739:vpc/vpc-0dae0688c4c9307fa",
                            "assign_generated_ipv6_cidr_block": "false",
                            "cidr_block": "10.1.0.0/16",
                            "default_network_acl_id": "acl-0b9d6a10b284bbfff",
                            "default_route_table_id": "rtb-03cfdf2be993c9296",
                            "default_security_group_id": "sg-0b7e3a96dfe647a73",
                            "dhcp_options_id": "dopt-6935c102",
                            "enable_dns_hostnames": "true",
                            "enable_dns_support": "true",
                            "id": "vpc-0dae0688c4c9307fa",
                            "instance_tenancy": "default",
                            "ipv6_association_id": "",
                            "ipv6_cidr_block": "",
                            "main_route_table_id": "rtb-03cfdf2be993c9296",
                            "owner_id": "358334692739",
                            "tags.%": "1",
                            "tags.Environment": ""
                        },
                        "meta": {
                            "schema_version": "1"
                        },
                        "tainted": false
                    },
                    "deposed": [],
                    "provider": "provider.aws"
                }
            },
            "depends_on": []
        }
    ]
}
