{
    "version": 3,
    "terraform_version": "0.11.13",
    "serial": 2,
    "lineage": "676c699a-37af-0352-3d5a-583137f2f9c1",
    "modules": [
        {
            "path": [
                "root"
            ],
            "outputs": {
                "instance_eip": {
                    "sensitive": false,
                    "type": "string",
                    "value": "3.19.21.173"
                }
            },
            "resources": {
                "data.aws_ami.ec2-ami": {
                    "type": "aws_ami",
                    "depends_on": [],
                    "primary": {
                        "id": "ami-080711d80a243e9b6",
                        "attributes": {
                            "architecture": "x86_64",
                            "block_device_mappings.#": "1",
                            "block_device_mappings.340275815.device_name": "/dev/xvda",
                            "block_device_mappings.340275815.ebs.%": "6",
                            "block_device_mappings.340275815.ebs.delete_on_termination": "true",
                            "block_device_mappings.340275815.ebs.encrypted": "false",
                            "block_device_mappings.340275815.ebs.iops": "0",
                            "block_device_mappings.340275815.ebs.snapshot_id": "snap-068bdfbe83ba1f60e",
                            "block_device_mappings.340275815.ebs.volume_size": "8",
                            "block_device_mappings.340275815.ebs.volume_type": "gp2",
                            "block_device_mappings.340275815.no_device": "",
                            "block_device_mappings.340275815.virtual_name": "",
                            "creation_date": "2019-04-05T19:57:25.000Z",
                            "filter.#": "2",
                            "filter.1353251163.name": "state",
                            "filter.1353251163.values.#": "1",
                            "filter.1353251163.values.0": "available",
                            "filter.265456904.name": "tag:Name",
                            "filter.265456904.values.#": "1",
                            "filter.265456904.values.0": "Packer-Ansible",
                            "hypervisor": "xen",
                            "id": "ami-080711d80a243e9b6",
                            "image_id": "ami-080711d80a243e9b6",
                            "image_location": "358334692739/packer-base-1554494113",
                            "image_type": "machine",
                            "most_recent": "true",
                            "name": "packer-base-1554494113",
                            "owner_id": "358334692739",
                            "owners.#": "1",
                            "owners.0": "self",
                            "product_codes.#": "0",
                            "public": "false",
                            "root_device_name": "/dev/xvda",
                            "root_device_type": "ebs",
                            "root_snapshot_id": "snap-068bdfbe83ba1f60e",
                            "sriov_net_support": "simple",
                            "state": "available",
                            "state_reason.%": "2",
                            "state_reason.code": "UNSET",
                            "state_reason.message": "UNSET",
                            "tags.%": "1",
                            "tags.Name": "Packer-Ansible",
                            "virtualization_type": "hvm"
                        },
                        "meta": {},
                        "tainted": false
                    },
                    "deposed": [],
                    "provider": "provider.aws"
                },
                "data.terraform_remote_state.network": {
                    "type": "terraform_remote_state",
                    "depends_on": [],
                    "primary": {
                        "id": "2019-04-05 20:02:34.8238551 +0000 UTC",
                        "attributes": {
                            "backend": "local",
                            "config.#": "1",
                            "config.333143472.path": "../networkTerraform/terraform.tfstate",
                            "ec2keyName": "publicKey",
                            "environment": "default",
                            "id": "2019-04-05 20:02:34.8238551 +0000 UTC",
                            "public_subnets.#": "1",
                            "public_subnets.0": "subnet-01456b4f63ba4d5c4",
                            "vpc_id": "vpc-0dae0688c4c9307fa",
                            "workspace": "default"
                        },
                        "meta": {},
                        "tainted": false
                    },
                    "deposed": [],
                    "provider": "provider.terraform"
                }
            },
            "depends_on": []
        },
        {
            "path": [
                "root",
                "instanceModule"
            ],
            "outputs": {
                "instance_eip": {
                    "sensitive": false,
                    "type": "string",
                    "value": "3.19.21.173"
                }
            },
            "resources": {
                "aws_eip.testInstanceEip": {
                    "type": "aws_eip",
                    "depends_on": [
                        "aws_instance.instance"
                    ],
                    "primary": {
                        "id": "eipalloc-0af60581842020511",
                        "attributes": {
                            "association_id": "eipassoc-02667725b4513338d",
                            "domain": "vpc",
                            "id": "eipalloc-0af60581842020511",
                            "instance": "i-0e0f3872e5ab00906",
                            "network_interface": "eni-0c04cc4796c99698a",
                            "private_dns": "ip-10-1-0-235.us-east-2.compute.internal",
                            "private_ip": "10.1.0.235",
                            "public_dns": "ec2-3-19-21-173.us-east-2.compute.amazonaws.com",
                            "public_ip": "3.19.21.173",
                            "public_ipv4_pool": "amazon",
                            "tags.%": "1",
                            "tags.Environment": "dev",
                            "vpc": "true"
                        },
                        "meta": {
                            "e2bfb730-ecaa-11e6-8f88-34363bc7c4c0": {
                                "delete": 180000000000,
                                "read": 900000000000,
                                "update": 300000000000
                            }
                        },
                        "tainted": false
                    },
                    "deposed": [],
                    "provider": "module.instanceModule.provider.aws"
                },
                "aws_instance.instance": {
                    "type": "aws_instance",
                    "depends_on": [],
                    "primary": {
                        "id": "i-0e0f3872e5ab00906",
                        "attributes": {
                            "ami": "ami-080711d80a243e9b6",
                            "arn": "arn:aws:ec2:us-east-2:358334692739:instance/i-0e0f3872e5ab00906",
                            "associate_public_ip_address": "true",
                            "availability_zone": "us-east-2a",
                            "cpu_core_count": "1",
                            "cpu_threads_per_core": "1",
                            "credit_specification.#": "1",
                            "credit_specification.0.cpu_credits": "standard",
                            "disable_api_termination": "false",
                            "ebs_block_device.#": "0",
                            "ebs_optimized": "false",
                            "ephemeral_block_device.#": "0",
                            "get_password_data": "false",
                            "iam_instance_profile": "",
                            "id": "i-0e0f3872e5ab00906",
                            "instance_state": "running",
                            "instance_type": "t2.micro",
                            "ipv6_addresses.#": "0",
                            "key_name": "publicKey",
                            "monitoring": "false",
                            "network_interface.#": "0",
                            "password_data": "",
                            "placement_group": "",
                            "primary_network_interface_id": "eni-0c04cc4796c99698a",
                            "private_dns": "ip-10-1-0-235.us-east-2.compute.internal",
                            "private_ip": "10.1.0.235",
                            "public_dns": "ec2-18-191-239-173.us-east-2.compute.amazonaws.com",
                            "public_ip": "18.191.239.173",
                            "root_block_device.#": "1",
                            "root_block_device.0.delete_on_termination": "true",
                            "root_block_device.0.iops": "100",
                            "root_block_device.0.volume_id": "vol-07c5588b9e6edbd8e",
                            "root_block_device.0.volume_size": "8",
                            "root_block_device.0.volume_type": "gp2",
                            "security_groups.#": "0",
                            "source_dest_check": "true",
                            "subnet_id": "subnet-01456b4f63ba4d5c4",
                            "tags.%": "1",
                            "tags.Environment": "dev",
                            "tenancy": "default",
                            "volume_tags.%": "0",
                            "vpc_security_group_ids.#": "2",
                            "vpc_security_group_ids.3172244549": "sg-0cb5d14c23571704c",
                            "vpc_security_group_ids.3223987482": "sg-0dbeee0cf2a87beaa"
                        },
                        "meta": {
                            "e2bfb730-ecaa-11e6-8f88-34363bc7c4c0": {
                                "create": 600000000000,
                                "delete": 1200000000000,
                                "update": 600000000000
                            },
                            "schema_version": "1"
                        },
                        "tainted": false
                    },
                    "deposed": [],
                    "provider": "module.instanceModule.provider.aws"
                }
            },
            "depends_on": []
        },
        {
            "path": [
                "root",
                "securityGroupModule"
            ],
            "outputs": {
                "sg_22": {
                    "sensitive": false,
                    "type": "string",
                    "value": "sg-0cb5d14c23571704c"
                },
                "sg_80": {
                    "sensitive": false,
                    "type": "string",
                    "value": "sg-0dbeee0cf2a87beaa"
                }
            },
            "resources": {
                "aws_security_group.sg_22": {
                    "type": "aws_security_group",
                    "depends_on": [],
                    "primary": {
                        "id": "sg-0cb5d14c23571704c",
                        "attributes": {
                            "arn": "arn:aws:ec2:us-east-2:358334692739:security-group/sg-0cb5d14c23571704c",
                            "description": "Managed by Terraform",
                            "egress.#": "1",
                            "egress.482069346.cidr_blocks.#": "1",
                            "egress.482069346.cidr_blocks.0": "0.0.0.0/0",
                            "egress.482069346.description": "",
                            "egress.482069346.from_port": "0",
                            "egress.482069346.ipv6_cidr_blocks.#": "0",
                            "egress.482069346.prefix_list_ids.#": "0",
                            "egress.482069346.protocol": "-1",
                            "egress.482069346.security_groups.#": "0",
                            "egress.482069346.self": "false",
                            "egress.482069346.to_port": "0",
                            "id": "sg-0cb5d14c23571704c",
                            "ingress.#": "1",
                            "ingress.2541437006.cidr_blocks.#": "1",
                            "ingress.2541437006.cidr_blocks.0": "0.0.0.0/0",
                            "ingress.2541437006.description": "",
                            "ingress.2541437006.from_port": "22",
                            "ingress.2541437006.ipv6_cidr_blocks.#": "0",
                            "ingress.2541437006.prefix_list_ids.#": "0",
                            "ingress.2541437006.protocol": "tcp",
                            "ingress.2541437006.security_groups.#": "0",
                            "ingress.2541437006.self": "false",
                            "ingress.2541437006.to_port": "22",
                            "name": "sg_22",
                            "owner_id": "358334692739",
                            "revoke_rules_on_delete": "false",
                            "tags.%": "1",
                            "tags.Environment": "dev",
                            "vpc_id": "vpc-0dae0688c4c9307fa"
                        },
                        "meta": {
                            "e2bfb730-ecaa-11e6-8f88-34363bc7c4c0": {
                                "create": 600000000000,
                                "delete": 600000000000
                            },
                            "schema_version": "1"
                        },
                        "tainted": false
                    },
                    "deposed": [],
                    "provider": "module.securityGroupModule.provider.aws"
                },
                "aws_security_group.sg_80": {
                    "type": "aws_security_group",
                    "depends_on": [],
                    "primary": {
                        "id": "sg-0dbeee0cf2a87beaa",
                        "attributes": {
                            "arn": "arn:aws:ec2:us-east-2:358334692739:security-group/sg-0dbeee0cf2a87beaa",
                            "description": "Managed by Terraform",
                            "egress.#": "1",
                            "egress.482069346.cidr_blocks.#": "1",
                            "egress.482069346.cidr_blocks.0": "0.0.0.0/0",
                            "egress.482069346.description": "",
                            "egress.482069346.from_port": "0",
                            "egress.482069346.ipv6_cidr_blocks.#": "0",
                            "egress.482069346.prefix_list_ids.#": "0",
                            "egress.482069346.protocol": "-1",
                            "egress.482069346.security_groups.#": "0",
                            "egress.482069346.self": "false",
                            "egress.482069346.to_port": "0",
                            "id": "sg-0dbeee0cf2a87beaa",
                            "ingress.#": "1",
                            "ingress.2214680975.cidr_blocks.#": "1",
                            "ingress.2214680975.cidr_blocks.0": "0.0.0.0/0",
                            "ingress.2214680975.description": "",
                            "ingress.2214680975.from_port": "80",
                            "ingress.2214680975.ipv6_cidr_blocks.#": "0",
                            "ingress.2214680975.prefix_list_ids.#": "0",
                            "ingress.2214680975.protocol": "tcp",
                            "ingress.2214680975.security_groups.#": "0",
                            "ingress.2214680975.self": "false",
                            "ingress.2214680975.to_port": "80",
                            "name": "sg_80",
                            "owner_id": "358334692739",
                            "revoke_rules_on_delete": "false",
                            "tags.%": "1",
                            "tags.Environment": "dev",
                            "vpc_id": "vpc-0dae0688c4c9307fa"
                        },
                        "meta": {
                            "e2bfb730-ecaa-11e6-8f88-34363bc7c4c0": {
                                "create": 600000000000,
                                "delete": 600000000000
                            },
                            "schema_version": "1"
                        },
                        "tainted": false
                    },
                    "deposed": [],
                    "provider": "module.securityGroupModule.provider.aws"
                }
            },
            "depends_on": []
        }
    ]
}
